// !$*UTF8*$!
{
	archiveVersion = 1;
	classes = {
	};
	objectVersion = 77;
	objects = {

/* Begin PBXBuildFile section */
		E478EF662D8B1F450003BD12 /* main_no_plot.cpp in Sources */ = {isa = PBXBuildFile; fileRef = E478EF652D8B1F450003BD12 /* main_no_plot.cpp */; };
		E4E4E9092D8240C600801DCB /* main.cpp in Sources */ = {isa = PBXBuildFile; fileRef = E4E4E9082D8240C600801DCB /* main.cpp */; };
		E4E4E90C2D8240E700801DCB /* wave_solver.cpp in Sources */ = {isa = PBXBuildFile; fileRef = E4E4E90B2D8240E700801DCB /* wave_solver.cpp */; };
		E4E4E90F2D8240FB00801DCB /* solution_visualiser.cpp in Sources */ = {isa = PBXBuildFile; fileRef = E4E4E90E2D8240FB00801DCB /* solution_visualiser.cpp */; };
		E4E4E9122D8241B600801DCB /* libboost_iostreams.dylib in Frameworks */ = {isa = PBXBuildFile; fileRef = E4E4E9112D8241B600801DCB /* libboost_iostreams.dylib */; };
/* End PBXBuildFile section */

/* Begin PBXCopyFilesBuildPhase section */
		E45F18452D3EB21800C45170 /* CopyFiles */ = {
			isa = PBXCopyFilesBuildPhase;
			buildActionMask = 2147483647;
			dstPath = /usr/share/man/man1/;
			dstSubfolderSpec = 0;
			files = (
			);
			runOnlyForDeploymentPostprocessing = 1;
		};
/* End PBXCopyFilesBuildPhase section */

/* Begin PBXFileReference section */
		E45F18472D3EB21800C45170 /* advanced-programming */ = {isa = PBXFileReference; explicitFileType = "compiled.mach-o.executable"; includeInIndex = 0; path = "advanced-programming"; sourceTree = BUILT_PRODUCTS_DIR; };
		E478EF652D8B1F450003BD12 /* main_no_plot.cpp */ = {isa = PBXFileReference; lastKnownFileType = sourcecode.cpp.cpp; path = main_no_plot.cpp; sourceTree = "<group>"; };
		E4E4E9082D8240C600801DCB /* main.cpp */ = {isa = PBXFileReference; lastKnownFileType = sourcecode.cpp.cpp; path = main.cpp; sourceTree = "<group>"; };
		E4E4E90A2D8240DF00801DCB /* wave_solver.hpp */ = {isa = PBXFileReference; lastKnownFileType = sourcecode.cpp.h; path = wave_solver.hpp; sourceTree = "<group>"; };
		E4E4E90B2D8240E700801DCB /* wave_solver.cpp */ = {isa = PBXFileReference; lastKnownFileType = sourcecode.cpp.cpp; path = wave_solver.cpp; sourceTree = "<group>"; };
		E4E4E90D2D8240F400801DCB /* solution_visualiser.hpp */ = {isa = PBXFileReference; lastKnownFileType = sourcecode.cpp.h; path = solution_visualiser.hpp; sourceTree = "<group>"; };
		E4E4E90E2D8240FB00801DCB /* solution_visualiser.cpp */ = {isa = PBXFileReference; lastKnownFileType = sourcecode.cpp.cpp; path = solution_visualiser.cpp; sourceTree = "<group>"; };
		E4E4E9102D82410300801DCB /* gnuplot-iostream.h */ = {isa = PBXFileReference; lastKnownFileType = sourcecode.c.h; path = "gnuplot-iostream.h"; sourceTree = "<group>"; };
		E4E4E9112D8241B600801DCB /* libboost_iostreams.dylib */ = {isa = PBXFileReference; lastKnownFileType = "compiled.mach-o.dylib"; name = libboost_iostreams.dylib; path = "../../opt/anaconda3/pkgs/libboost-1.73.0-hd4c2dcd_11/lib/libboost_iostreams.dylib"; sourceTree = "<group>"; };
/* End PBXFileReference section */

/* Begin PBXFrameworksBuildPhase section */
		E45F18442D3EB21800C45170 /* Frameworks */ = {
			isa = PBXFrameworksBuildPhase;
			buildActionMask = 2147483647;
			files = (
				E4E4E9122D8241B600801DCB /* libboost_iostreams.dylib in Frameworks */,
			);
			runOnlyForDeploymentPostprocessing = 0;
		};
/* End PBXFrameworksBuildPhase section */

/* Begin PBXGroup section */
		E45F183E2D3EB21800C45170 = {
			isa = PBXGroup;
			children = (
				E478EF652D8B1F450003BD12 /* main_no_plot.cpp */,
				E4E4E9082D8240C600801DCB /* main.cpp */,
				E4E4E90A2D8240DF00801DCB /* wave_solver.hpp */,
				E4E4E90B2D8240E700801DCB /* wave_solver.cpp */,
				E4E4E90D2D8240F400801DCB /* solution_visualiser.hpp */,
				E4E4E90E2D8240FB00801DCB /* solution_visualiser.cpp */,
				E4E4E9102D82410300801DCB /* gnuplot-iostream.h */,
				E4E4E8EC2D809EB400801DCB /* Frameworks */,
				E45F18482D3EB21800C45170 /* Products */,
			);
			sourceTree = "<group>";
		};
		E45F18482D3EB21800C45170 /* Products */ = {
			isa = PBXGroup;
			children = (
				E45F18472D3EB21800C45170 /* advanced-programming */,
			);
			name = Products;
			sourceTree = "<group>";
		};
		E4E4E8EC2D809EB400801DCB /* Frameworks */ = {
			isa = PBXGroup;
			children = (
				E4E4E9112D8241B600801DCB /* libboost_iostreams.dylib */,
			);
			name = Frameworks;
			sourceTree = "<group>";
		};
/* End PBXGroup section */

/* Begin PBXNativeTarget section */
		E45F18462D3EB21800C45170 /* advanced-programming */ = {
			isa = PBXNativeTarget;
			buildConfigurationList = E45F184E2D3EB21800C45170 /* Build configuration list for PBXNativeTarget "advanced-programming" */;
			buildPhases = (
				E45F18432D3EB21800C45170 /* Sources */,
				E45F18442D3EB21800C45170 /* Frameworks */,
				E45F18452D3EB21800C45170 /* CopyFiles */,
			);
			buildRules = (
			);
			dependencies = (
			);
			name = "advanced-programming";
			packageProductDependencies = (
			);
			productName = "advanced-programming";
			productReference = E45F18472D3EB21800C45170 /* advanced-programming */;
			productType = "com.apple.product-type.tool";
		};
/* End PBXNativeTarget section */

/* Begin PBXProject section */
		E45F183F2D3EB21800C45170 /* Project object */ = {
			isa = PBXProject;
			attributes = {
				BuildIndependentTargetsInParallel = 1;
				LastUpgradeCheck = 1620;
				TargetAttributes = {
					E45F18462D3EB21800C45170 = {
						CreatedOnToolsVersion = 16.2;
					};
				};
			};
			buildConfigurationList = E45F18422D3EB21800C45170 /* Build configuration list for PBXProject "advanced-programming" */;
			developmentRegion = en;
			hasScannedForEncodings = 0;
			knownRegions = (
				en,
				Base,
			);
			mainGroup = E45F183E2D3EB21800C45170;
			minimizedProjectReferenceProxies = 1;
			preferredProjectObjectVersion = 77;
			productRefGroup = E45F18482D3EB21800C45170 /* Products */;
			projectDirPath = "";
			projectRoot = "";
			targets = (
				E45F18462D3EB21800C45170 /* advanced-programming */,
			);
		};
/* End PBXProject section */

/* Begin PBXSourcesBuildPhase section */
		E45F18432D3EB21800C45170 /* Sources */ = {
			isa = PBXSourcesBuildPhase;
			buildActionMask = 2147483647;
			files = (
				E478EF662D8B1F450003BD12 /* main_no_plot.cpp in Sources */,
				E4E4E90F2D8240FB00801DCB /* solution_visualiser.cpp in Sources */,
				E4E4E9092D8240C600801DCB /* main.cpp in Sources */,
				E4E4E90C2D8240E700801DCB /* wave_solver.cpp in Sources */,
			);
			runOnlyForDeploymentPostprocessing = 0;
		};
/* End PBXSourcesBuildPhase section */

/* Begin XCBuildConfiguration section */
		E45F184C2D3EB21800C45170 /* Debug */ = {
			isa = XCBuildConfiguration;
			buildSettings = {
				ALWAYS_SEARCH_USER_PATHS = NO;
				ASSETCATALOG_COMPILER_GENERATE_SWIFT_ASSET_SYMBOL_EXTENSIONS = YES;
				CLANG_ANALYZER_NONNULL = YES;
				CLANG_ANALYZER_NUMBER_OBJECT_CONVERSION = YES_AGGRESSIVE;
				CLANG_CXX_LANGUAGE_STANDARD = "gnu++20";
				CLANG_ENABLE_MODULES = YES;
				CLANG_ENABLE_OBJC_ARC = YES;
				CLANG_ENABLE_OBJC_WEAK = YES;
				CLANG_WARN_BLOCK_CAPTURE_AUTORELEASING = YES;
				CLANG_WARN_BOOL_CONVERSION = YES;
				CLANG_WARN_COMMA = YES;
				CLANG_WARN_CONSTANT_CONVERSION = YES;
				CLANG_WARN_DEPRECATED_OBJC_IMPLEMENTATIONS = YES;
				CLANG_WARN_DIRECT_OBJC_ISA_USAGE = YES_ERROR;
				CLANG_WARN_DOCUMENTATION_COMMENTS = YES;
				CLANG_WARN_EMPTY_BODY = YES;
				CLANG_WARN_ENUM_CONVERSION = YES;
				CLANG_WARN_INFINITE_RECURSION = YES;
				CLANG_WARN_INT_CONVERSION = YES;
				CLANG_WARN_NON_LITERAL_NULL_CONVERSION = YES;
				CLANG_WARN_OBJC_IMPLICIT_RETAIN_SELF = YES;
				CLANG_WARN_OBJC_LITERAL_CONVERSION = YES;
				CLANG_WARN_OBJC_ROOT_CLASS = YES_ERROR;
				CLANG_WARN_QUOTED_INCLUDE_IN_FRAMEWORK_HEADER = YES;
				CLANG_WARN_RANGE_LOOP_ANALYSIS = YES;
				CLANG_WARN_STRICT_PROTOTYPES = YES;
				CLANG_WARN_SUSPICIOUS_MOVE = YES;
				CLANG_WARN_UNGUARDED_AVAILABILITY = YES_AGGRESSIVE;
				CLANG_WARN_UNREACHABLE_CODE = YES;
				CLANG_WARN__DUPLICATE_METHOD_MATCH = YES;
				COPY_PHASE_STRIP = NO;
				DEBUG_INFORMATION_FORMAT = dwarf;
				ENABLE_STRICT_OBJC_MSGSEND = YES;
				ENABLE_TESTABILITY = YES;
				ENABLE_USER_SCRIPT_SANDBOXING = YES;
				GCC_C_LANGUAGE_STANDARD = gnu17;
				GCC_DYNAMIC_NO_PIC = NO;
				GCC_NO_COMMON_BLOCKS = YES;
				GCC_OPTIMIZATION_LEVEL = 0;
				GCC_PREPROCESSOR_DEFINITIONS = (
					"DEBUG=1",
					"$(inherited)",
				);
				GCC_WARN_64_TO_32_BIT_CONVERSION = YES;
				GCC_WARN_ABOUT_RETURN_TYPE = YES_ERROR;
				GCC_WARN_UNDECLARED_SELECTOR = YES;
				GCC_WARN_UNINITIALIZED_AUTOS = YES_AGGRESSIVE;
				GCC_WARN_UNUSED_FUNCTION = YES;
				GCC_WARN_UNUSED_VARIABLE = YES;
				LOCALIZATION_PREFERS_STRING_CATALOGS = YES;
				MACOSX_DEPLOYMENT_TARGET = 15.2;
				MTL_ENABLE_DEBUG_INFO = INCLUDE_SOURCE;
				MTL_FAST_MATH = YES;
				ONLY_ACTIVE_ARCH = YES;
				SDKROOT = macosx;
			};
			name = Debug;
		};
		E45F184D2D3EB21800C45170 /* Release */ = {
			isa = XCBuildConfiguration;
			buildSettings = {
				ALWAYS_SEARCH_USER_PATHS = NO;
				ASSETCATALOG_COMPILER_GENERATE_SWIFT_ASSET_SYMBOL_EXTENSIONS = YES;
				CLANG_ANALYZER_NONNULL = YES;
				CLANG_ANALYZER_NUMBER_OBJECT_CONVERSION = YES_AGGRESSIVE;
				CLANG_CXX_LANGUAGE_STANDARD = "gnu++20";
				CLANG_ENABLE_MODULES = YES;
				CLANG_ENABLE_OBJC_ARC = YES;
				CLANG_ENABLE_OBJC_WEAK = YES;
				CLANG_WARN_BLOCK_CAPTURE_AUTORELEASING = YES;
				CLANG_WARN_BOOL_CONVERSION = YES;
				CLANG_WARN_COMMA = YES;
				CLANG_WARN_CONSTANT_CONVERSION = YES;
				CLANG_WARN_DEPRECATED_OBJC_IMPLEMENTATIONS = YES;
				CLANG_WARN_DIRECT_OBJC_ISA_USAGE = YES_ERROR;
				CLANG_WARN_DOCUMENTATION_COMMENTS = YES;
				CLANG_WARN_EMPTY_BODY = YES;
				CLANG_WARN_ENUM_CONVERSION = YES;
				CLANG_WARN_INFINITE_RECURSION = YES;
				CLANG_WARN_INT_CONVERSION = YES;
				CLANG_WARN_NON_LITERAL_NULL_CONVERSION = YES;
				CLANG_WARN_OBJC_IMPLICIT_RETAIN_SELF = YES;
				CLANG_WARN_OBJC_LITERAL_CONVERSION = YES;
				CLANG_WARN_OBJC_ROOT_CLASS = YES_ERROR;
				CLANG_WARN_QUOTED_INCLUDE_IN_FRAMEWORK_HEADER = YES;
				CLANG_WARN_RANGE_LOOP_ANALYSIS = YES;
				CLANG_WARN_STRICT_PROTOTYPES = YES;
				CLANG_WARN_SUSPICIOUS_MOVE = YES;
				CLANG_WARN_UNGUARDED_AVAILABILITY = YES_AGGRESSIVE;
				CLANG_WARN_UNREACHABLE_CODE = YES;
				CLANG_WARN__DUPLICATE_METHOD_MATCH = YES;
				COPY_PHASE_STRIP = NO;
				DEBUG_INFORMATION_FORMAT = "dwarf-with-dsym";
				ENABLE_NS_ASSERTIONS = NO;
				ENABLE_STRICT_OBJC_MSGSEND = YES;
				ENABLE_USER_SCRIPT_SANDBOXING = YES;
				GCC_C_LANGUAGE_STANDARD = gnu17;
				GCC_NO_COMMON_BLOCKS = YES;
				GCC_WARN_64_TO_32_BIT_CONVERSION = YES;
				GCC_WARN_ABOUT_RETURN_TYPE = YES_ERROR;
				GCC_WARN_UNDECLARED_SELECTOR = YES;
				GCC_WARN_UNINITIALIZED_AUTOS = YES_AGGRESSIVE;
				GCC_WARN_UNUSED_FUNCTION = YES;
				GCC_WARN_UNUSED_VARIABLE = YES;
				LOCALIZATION_PREFERS_STRING_CATALOGS = YES;
				MACOSX_DEPLOYMENT_TARGET = 15.2;
				MTL_ENABLE_DEBUG_INFO = NO;
				MTL_FAST_MATH = YES;
				SDKROOT = macosx;
			};
			name = Release;
		};
		E45F184F2D3EB21800C45170 /* Debug */ = {
			isa = XCBuildConfiguration;
			buildSettings = {
				CODE_SIGN_STYLE = Automatic;
				"HEADER_SEARCH_PATHS[arch=*]" = "/opt/homebrew/opt/boost/include\n";
				LIBRARY_SEARCH_PATHS = (
					"$(inherited)",
					"$(PROJECT_DIR)/advanced-programming/lib",
				);
				"LIBRARY_SEARCH_PATHS[arch=*]" = "/opt/homebrew/opt/boost/lib\n";
				PRODUCT_NAME = "$(TARGET_NAME)";
			};
			name = Debug;
		};
		E45F18502D3EB21800C45170 /* Release */ = {
			isa = XCBuildConfiguration;
			buildSettings = {
				CODE_SIGN_STYLE = Automatic;
				"HEADER_SEARCH_PATHS[arch=*]" = "/opt/homebrew/opt/boost/include\n";
				LIBRARY_SEARCH_PATHS = (
					"$(inherited)",
					"$(PROJECT_DIR)/advanced-programming/lib",
				);
				"LIBRARY_SEARCH_PATHS[arch=*]" = "/opt/homebrew/opt/boost/lib\n";
				PRODUCT_NAME = "$(TARGET_NAME)";
			};
			name = Release;
		};
/* End XCBuildConfiguration section */

/* Begin XCConfigurationList section */
		E45F18422D3EB21800C45170 /* Build configuration list for PBXProject "advanced-programming" */ = {
			isa = XCConfigurationList;
			buildConfigurations = (
				E45F184C2D3EB21800C45170 /* Debug */,
				E45F184D2D3EB21800C45170 /* Release */,
			);
			defaultConfigurationIsVisible = 0;
			defaultConfigurationName = Release;
		};
		E45F184E2D3EB21800C45170 /* Build configuration list for PBXNativeTarget "advanced-programming" */ = {
			isa = XCConfigurationList;
			buildConfigurations = (
				E45F184F2D3EB21800C45170 /* Debug */,
				E45F18502D3EB21800C45170 /* Release */,
			);
			defaultConfigurationIsVisible = 0;
			defaultConfigurationName = Release;
		};
/* End XCConfigurationList section */
	};
	rootObject = E45F183F2D3EB21800C45170 /* Project object */;
}
